
Microsoft Visual Studio Solution File, Format Version 12.00
# Visual Studio Version 17
VisualStudioVersion = 17.10.35013.160
MinimumVisualStudioVersion = 10.0.40219.1
Project("{FAE04EC0-301F-11D3-BF4B-00C04F79EFBC}") = "Oauth2", "Oauth2\Oauth2.csproj", "{64999FC3-1E51-4EEE-B6A3-914A0A5C300D}"
EndProject
Global
	GlobalSection(SolutionConfigurationPlatforms) = preSolution
		Debug|Any CPU = Debug|Any CPU
		Release|Any CPU = Release|Any CPU
	EndGlobalSection
	GlobalSection(ProjectConfigurationPlatforms) = postSolution
		{64999FC3-1E51-4EEE-B6A3-914A0A5C300D}.Debug|Any CPU.ActiveCfg = Debug|Any CPU
		{64999FC3-1E51-4EEE-B6A3-914A0A5C300D}.Debug|Any CPU.Build.0 = Debug|Any CPU
		{64999FC3-1E51-4EEE-B6A3-914A0A5C300D}.Release|Any CPU.ActiveCfg = Release|Any CPU
		{64999FC3-1E51-4EEE-B6A3-914A0A5C300D}.Release|Any CPU.Build.0 = Release|Any CPU
	EndGlobalSection
	GlobalSection(SolutionProperties) = preSolution
		HideSolutionNode = FALSE
	EndGlobalSection
	GlobalSection(ExtensibilityGlobals) = postSolution
		SolutionGuid = {A7946CF9-021D-46DD-9C47-3AB6454C556D}
	EndGlobalSection
EndGlobal
